// !$*UTF8*$!
{
	archiveVersion = 1;
	classes = {
	};
	objectVersion = 45;
	objects = {

/* Begin PBXBuildFile section */
		1711F69211E6C32A000C6606 /* ibootutil.c in Sources */ = {isa = PBXBuildFile; fileRef = 1711F69111E6C32A000C6606 /* ibootutil.c */; };
		1711F69A11E6C355000C6606 /* IOKit.framework in Frameworks */ = {isa = PBXBuildFile; fileRef = 1711F69911E6C355000C6606 /* IOKit.framework */; };
		1767C8FF11E633CD00075E6B /* iphone_sn0w.png in Resources */ = {isa = PBXBuildFile; fileRef = 1767C8FE11E633CD00075E6B /* iphone_sn0w.png */; };
		1767C9D011E6433900075E6B /* Bundles.plist in Resources */ = {isa = PBXBuildFile; fileRef = 1767C9CF11E6433900075E6B /* Bundles.plist */; };
		1767CA0311E64AEC00075E6B /* ioapi.c in Sources */ = {isa = PBXBuildFile; fileRef = 1767C9F911E64AEC00075E6B /* ioapi.c */; };
		1767CA0411E64AEC00075E6B /* mztools.c in Sources */ = {isa = PBXBuildFile; fileRef = 1767C9FB11E64AEC00075E6B /* mztools.c */; };
		1767CA0511E64AEC00075E6B /* unzip.c in Sources */ = {isa = PBXBuildFile; fileRef = 1767C9FD11E64AEC00075E6B /* unzip.c */; };
		1767CA0611E64AEC00075E6B /* zip.c in Sources */ = {isa = PBXBuildFile; fileRef = 1767C9FF11E64AEC00075E6B /* zip.c */; };
		1767CA0711E64AEC00075E6B /* ZipArchive.mm in Sources */ = {isa = PBXBuildFile; fileRef = 1767CA0211E64AEC00075E6B /* ZipArchive.mm */; };
		1767CA0C11E64AFC00075E6B /* gray-apple-icon.png in Resources */ = {isa = PBXBuildFile; fileRef = 1767CA0A11E64AFC00075E6B /* gray-apple-icon.png */; };
		1767CA0D11E64AFC00075E6B /* Pneumonia.icns in Resources */ = {isa = PBXBuildFile; fileRef = 1767CA0B11E64AFC00075E6B /* Pneumonia.icns */; };
		1767CA1311E64B4F00075E6B /* libz.1.2.3.dylib in Frameworks */ = {isa = PBXBuildFile; fileRef = 1767CA1211E64B4F00075E6B /* libz.1.2.3.dylib */; };
		1767CB9311E678FA00075E6B /* libcrypto.dylib in Frameworks */ = {isa = PBXBuildFile; fileRef = 1767CB9211E678FA00075E6B /* libcrypto.dylib */; };
		17D7CDDE11E67B2A00CBB60A /* Utilities.m in Sources */ = {isa = PBXBuildFile; fileRef = 17D7CDDD11E67B2A00CBB60A /* Utilities.m */; };
		1DDD58160DA1D0A300B32029 /* MainMenu.xib in Resources */ = {isa = PBXBuildFile; fileRef = 1DDD58140DA1D0A300B32029 /* MainMenu.xib */; };
		256AC3DA0F4B6AC300CF3369 /* PneumoniaAppDelegate.m in Sources */ = {isa = PBXBuildFile; fileRef = 256AC3D90F4B6AC300CF3369 /* PneumoniaAppDelegate.m */; };
		8D11072B0486CEB800E47090 /* InfoPlist.strings in Resources */ = {isa = PBXBuildFile; fileRef = 089C165CFE840E0CC02AAC07 /* InfoPlist.strings */; };
		8D11072D0486CEB800E47090 /* main.m in Sources */ = {isa = PBXBuildFile; fileRef = 29B97316FDCFA39411CA2CEA /* main.m */; settings = {ATTRIBUTES = (); }; };
		8D11072F0486CEB800E47090 /* Cocoa.framework in Frameworks */ = {isa = PBXBuildFile; fileRef = 1058C7A1FEA54F0111CA2CBB /* Cocoa.framework */; };
/* End PBXBuildFile section */

/* Begin PBXFileReference section */
		089C165DFE840E0CC02AAC07 /* English */ = {isa = PBXFileReference; fileEncoding = 4; lastKnownFileType = text.plist.strings; name = English; path = English.lproj/InfoPlist.strings; sourceTree = "<group>"; };
		1058C7A1FEA54F0111CA2CBB /* Cocoa.framework */ = {isa = PBXFileReference; lastKnownFileType = wrapper.framework; name = Cocoa.framework; path = /System/Library/Frameworks/Cocoa.framework; sourceTree = "<absolute>"; };
		13E42FB307B3F0F600E4EEF1 /* CoreData.framework */ = {isa = PBXFileReference; lastKnownFileType = wrapper.framework; name = CoreData.framework; path = /System/Library/Frameworks/CoreData.framework; sourceTree = "<absolute>"; };
		1711F69011E6C32A000C6606 /* ibootutil.h */ = {isa = PBXFileReference; fileEncoding = 4; lastKnownFileType = sourcecode.c.h; path = ibootutil.h; sourceTree = "<group>"; };
		1711F69111E6C32A000C6606 /* ibootutil.c */ = {isa = PBXFileReference; fileEncoding = 4; lastKnownFileType = sourcecode.c.c; path = ibootutil.c; sourceTree = "<group>"; };
		1711F69911E6C355000C6606 /* IOKit.framework */ = {isa = PBXFileReference; lastKnownFileType = wrapper.framework; name = IOKit.framework; path = System/Library/Frameworks/IOKit.framework; sourceTree = SDKROOT; };
		1767C8FE11E633CD00075E6B /* iphone_sn0w.png */ = {isa = PBXFileReference; lastKnownFileType = image.png; path = iphone_sn0w.png; sourceTree = "<group>"; };
		1767C9CF11E6433900075E6B /* Bundles.plist */ = {isa = PBXFileReference; fileEncoding = 4; lastKnownFileType = text.plist.xml; path = Bundles.plist; sourceTree = "<group>"; };
		1767C9F811E64AEC00075E6B /* crypt.h */ = {isa = PBXFileReference; fileEncoding = 4; lastKnownFileType = sourcecode.c.h; path = crypt.h; sourceTree = "<group>"; };
		1767C9F911E64AEC00075E6B /* ioapi.c */ = {isa = PBXFileReference; fileEncoding = 4; lastKnownFileType = sourcecode.c.c; path = ioapi.c; sourceTree = "<group>"; };
		1767C9FA11E64AEC00075E6B /* ioapi.h */ = {isa = PBXFileReference; fileEncoding = 4; lastKnownFileType = sourcecode.c.h; path = ioapi.h; sourceTree = "<group>"; };
		1767C9FB11E64AEC00075E6B /* mztools.c */ = {isa = PBXFileReference; fileEncoding = 4; lastKnownFileType = sourcecode.c.c; path = mztools.c; sourceTree = "<group>"; };
		1767C9FC11E64AEC00075E6B /* mztools.h */ = {isa = PBXFileReference; fileEncoding = 4; lastKnownFileType = sourcecode.c.h; path = mztools.h; sourceTree = "<group>"; };
		1767C9FD11E64AEC00075E6B /* unzip.c */ = {isa = PBXFileReference; fileEncoding = 4; lastKnownFileType = sourcecode.c.c; path = unzip.c; sourceTree = "<group>"; };
		1767C9FE11E64AEC00075E6B /* unzip.h */ = {isa = PBXFileReference; fileEncoding = 4; lastKnownFileType = sourcecode.c.h; path = unzip.h; sourceTree = "<group>"; };
		1767C9FF11E64AEC00075E6B /* zip.c */ = {isa = PBXFileReference; fileEncoding = 4; lastKnownFileType = sourcecode.c.c; path = zip.c; sourceTree = "<group>"; };
		1767CA0011E64AEC00075E6B /* zip.h */ = {isa = PBXFileReference; fileEncoding = 4; lastKnownFileType = sourcecode.c.h; path = zip.h; sourceTree = "<group>"; };
		1767CA0111E64AEC00075E6B /* ZipArchive.h */ = {isa = PBXFileReference; fileEncoding = 4; lastKnownFileType = sourcecode.c.h; path = ZipArchive.h; sourceTree = "<group>"; };
		1767CA0211E64AEC00075E6B /* ZipArchive.mm */ = {isa = PBXFileReference; fileEncoding = 4; lastKnownFileType = sourcecode.cpp.objcpp; path = ZipArchive.mm; sourceTree = "<group>"; };
		1767CA0A11E64AFC00075E6B /* gray-apple-icon.png */ = {isa = PBXFileReference; lastKnownFileType = image.png; path = "gray-apple-icon.png"; sourceTree = "<group>"; };
		1767CA0B11E64AFC00075E6B /* Pneumonia.icns */ = {isa = PBXFileReference; lastKnownFileType = image.icns; path = Pneumonia.icns; sourceTree = "<group>"; };
		1767CA1211E64B4F00075E6B /* libz.1.2.3.dylib */ = {isa = PBXFileReference; lastKnownFileType = "compiled.mach-o.dylib"; name = libz.1.2.3.dylib; path = usr/lib/libz.1.2.3.dylib; sourceTree = SDKROOT; };
		1767CB9211E678FA00075E6B /* libcrypto.dylib */ = {isa = PBXFileReference; lastKnownFileType = "compiled.mach-o.dylib"; name = libcrypto.dylib; path = usr/lib/libcrypto.dylib; sourceTree = SDKROOT; };
		17D7CDDC11E67B2A00CBB60A /* Utilities.h */ = {isa = PBXFileReference; fileEncoding = 4; lastKnownFileType = sourcecode.c.h; path = Utilities.h; sourceTree = "<group>"; };
		17D7CDDD11E67B2A00CBB60A /* Utilities.m */ = {isa = PBXFileReference; fileEncoding = 4; lastKnownFileType = sourcecode.c.objc; path = Utilities.m; sourceTree = "<group>"; };
		1DDD58150DA1D0A300B32029 /* English */ = {isa = PBXFileReference; lastKnownFileType = file.xib; name = English; path = English.lproj/MainMenu.xib; sourceTree = "<group>"; };
		256AC3D80F4B6AC300CF3369 /* PneumoniaAppDelegate.h */ = {isa = PBXFileReference; fileEncoding = 4; lastKnownFileType = sourcecode.c.h; path = PneumoniaAppDelegate.h; sourceTree = "<group>"; };
		256AC3D90F4B6AC300CF3369 /* PneumoniaAppDelegate.m */ = {isa = PBXFileReference; fileEncoding = 4; lastKnownFileType = sourcecode.c.objc; path = PneumoniaAppDelegate.m; sourceTree = "<group>"; };
		256AC3F00F4B6AF500CF3369 /* Pneumonia_Prefix.pch */ = {isa = PBXFileReference; fileEncoding = 4; lastKnownFileType = sourcecode.c.h; path = Pneumonia_Prefix.pch; sourceTree = "<group>"; };
		29B97316FDCFA39411CA2CEA /* main.m */ = {isa = PBXFileReference; fileEncoding = 4; lastKnownFileType = sourcecode.c.objc; path = main.m; sourceTree = "<group>"; };
		29B97324FDCFA39411CA2CEA /* AppKit.framework */ = {isa = PBXFileReference; lastKnownFileType = wrapper.framework; name = AppKit.framework; path = /System/Library/Frameworks/AppKit.framework; sourceTree = "<absolute>"; };
		29B97325FDCFA39411CA2CEA /* Foundation.framework */ = {isa = PBXFileReference; lastKnownFileType = wrapper.framework; name = Foundation.framework; path = /System/Library/Frameworks/Foundation.framework; sourceTree = "<absolute>"; };
		8D1107310486CEB800E47090 /* Pneumonia-Info.plist */ = {isa = PBXFileReference; fileEncoding = 4; lastKnownFileType = text.plist.xml; path = "Pneumonia-Info.plist"; sourceTree = "<group>"; };
		8D1107320486CEB800E47090 /* Pneumonia.app */ = {isa = PBXFileReference; explicitFileType = wrapper.application; includeInIndex = 0; path = Pneumonia.app; sourceTree = BUILT_PRODUCTS_DIR; };
/* End PBXFileReference section */

/* Begin PBXFrameworksBuildPhase section */
		8D11072E0486CEB800E47090 /* Frameworks */ = {
			isa = PBXFrameworksBuildPhase;
			buildActionMask = 2147483647;
			files = (
				8D11072F0486CEB800E47090 /* Cocoa.framework in Frameworks */,
				1767CA1311E64B4F00075E6B /* libz.1.2.3.dylib in Frameworks */,
				1767CB9311E678FA00075E6B /* libcrypto.dylib in Frameworks */,
				1711F69A11E6C355000C6606 /* IOKit.framework in Frameworks */,
			);
			runOnlyForDeploymentPostprocessing = 0;
		};
/* End PBXFrameworksBuildPhase section */

/* Begin PBXGroup section */
		080E96DDFE201D6D7F000001 /* Classes */ = {
			isa = PBXGroup;
			children = (
				1767C9F611E64AEC00075E6B /* ZipArchive */,
				256AC3D80F4B6AC300CF3369 /* PneumoniaAppDelegate.h */,
				256AC3D90F4B6AC300CF3369 /* PneumoniaAppDelegate.m */,
				17D7CDDC11E67B2A00CBB60A /* Utilities.h */,
				17D7CDDD11E67B2A00CBB60A /* Utilities.m */,
				1711F69011E6C32A000C6606 /* ibootutil.h */,
				1711F69111E6C32A000C6606 /* ibootutil.c */,
			);
			name = Classes;
			sourceTree = "<group>";
		};
		1058C7A0FEA54F0111CA2CBB /* Linked Frameworks */ = {
			isa = PBXGroup;
			children = (
				1058C7A1FEA54F0111CA2CBB /* Cocoa.framework */,
			);
			name = "Linked Frameworks";
			sourceTree = "<group>";
		};
		1058C7A2FEA54F0111CA2CBB /* Other Frameworks */ = {
			isa = PBXGroup;
			children = (
				1767CA1211E64B4F00075E6B /* libz.1.2.3.dylib */,
				29B97324FDCFA39411CA2CEA /* AppKit.framework */,
				13E42FB307B3F0F600E4EEF1 /* CoreData.framework */,
				29B97325FDCFA39411CA2CEA /* Foundation.framework */,
				1767CB9211E678FA00075E6B /* libcrypto.dylib */,
				1711F69911E6C355000C6606 /* IOKit.framework */,
			);
			name = "Other Frameworks";
			sourceTree = "<group>";
		};
		1767C9F611E64AEC00075E6B /* ZipArchive */ = {
			isa = PBXGroup;
			children = (
				1767C9F711E64AEC00075E6B /* minizip */,
				1767CA0111E64AEC00075E6B /* ZipArchive.h */,
				1767CA0211E64AEC00075E6B /* ZipArchive.mm */,
			);
			path = ZipArchive;
			sourceTree = "<group>";
		};
		1767C9F711E64AEC00075E6B /* minizip */ = {
			isa = PBXGroup;
			children = (
				1767C9F811E64AEC00075E6B /* crypt.h */,
				1767C9F911E64AEC00075E6B /* ioapi.c */,
				1767C9FA11E64AEC00075E6B /* ioapi.h */,
				1767C9FB11E64AEC00075E6B /* mztools.c */,
				1767C9FC11E64AEC00075E6B /* mztools.h */,
				1767C9FD11E64AEC00075E6B /* unzip.c */,
				1767C9FE11E64AEC00075E6B /* unzip.h */,
				1767C9FF11E64AEC00075E6B /* zip.c */,
				1767CA0011E64AEC00075E6B /* zip.h */,
			);
			path = minizip;
			sourceTree = "<group>";
		};
		19C28FACFE9D520D11CA2CBB /* Products */ = {
			isa = PBXGroup;
			children = (
				8D1107320486CEB800E47090 /* Pneumonia.app */,
			);
			name = Products;
			sourceTree = "<group>";
		};
		29B97314FDCFA39411CA2CEA /* Pneumonia */ = {
			isa = PBXGroup;
			children = (
				080E96DDFE201D6D7F000001 /* Classes */,
				29B97315FDCFA39411CA2CEA /* Other Sources */,
				29B97317FDCFA39411CA2CEA /* Resources */,
				29B97323FDCFA39411CA2CEA /* Frameworks */,
				19C28FACFE9D520D11CA2CBB /* Products */,
			);
			name = Pneumonia;
			sourceTree = "<group>";
		};
		29B97315FDCFA39411CA2CEA /* Other Sources */ = {
			isa = PBXGroup;
			children = (
				256AC3F00F4B6AF500CF3369 /* Pneumonia_Prefix.pch */,
				29B97316FDCFA39411CA2CEA /* main.m */,
			);
			name = "Other Sources";
			sourceTree = "<group>";
		};
		29B97317FDCFA39411CA2CEA /* Resources */ = {
			isa = PBXGroup;
			children = (
				1767CA0A11E64AFC00075E6B /* gray-apple-icon.png */,
				1767CA0B11E64AFC00075E6B /* Pneumonia.icns */,
				1767C8FE11E633CD00075E6B /* iphone_sn0w.png */,
				8D1107310486CEB800E47090 /* Pneumonia-Info.plist */,
				089C165CFE840E0CC02AAC07 /* InfoPlist.strings */,
				1DDD58140DA1D0A300B32029 /* MainMenu.xib */,
				1767C9CF11E6433900075E6B /* Bundles.plist */,
			);
			name = Resources;
			sourceTree = "<group>";
		};
		29B97323FDCFA39411CA2CEA /* Frameworks */ = {
			isa = PBXGroup;
			children = (
				1058C7A0FEA54F0111CA2CBB /* Linked Frameworks */,
				1058C7A2FEA54F0111CA2CBB /* Other Frameworks */,
			);
			name = Frameworks;
			sourceTree = "<group>";
		};
/* End PBXGroup section */

/* Begin PBXNativeTarget section */
		8D1107260486CEB800E47090 /* Pneumonia */ = {
			isa = PBXNativeTarget;
			buildConfigurationList = C01FCF4A08A954540054247B /* Build configuration list for PBXNativeTarget "Pneumonia" */;
			buildPhases = (
				8D1107290486CEB800E47090 /* Resources */,
				8D11072C0486CEB800E47090 /* Sources */,
				8D11072E0486CEB800E47090 /* Frameworks */,
			);
			buildRules = (
			);
			dependencies = (
			);
			name = Pneumonia;
			productInstallPath = "$(HOME)/Applications";
			productName = Pneumonia;
			productReference = 8D1107320486CEB800E47090 /* Pneumonia.app */;
			productType = "com.apple.product-type.application";
		};
/* End PBXNativeTarget section */

/* Begin PBXProject section */
		29B97313FDCFA39411CA2CEA /* Project object */ = {
			isa = PBXProject;
			attributes = {
				ORGANIZATIONNAME = NSPwn;
			};
			buildConfigurationList = C01FCF4E08A954540054247B /* Build configuration list for PBXProject "Pneumonia" */;
			compatibilityVersion = "Xcode 3.1";
			hasScannedForEncodings = 1;
			mainGroup = 29B97314FDCFA39411CA2CEA /* Pneumonia */;
			projectDirPath = "";
			projectRoot = "";
			targets = (
				8D1107260486CEB800E47090 /* Pneumonia */,
			);
		};
/* End PBXProject section */

/* Begin PBXResourcesBuildPhase section */
		8D1107290486CEB800E47090 /* Resources */ = {
			isa = PBXResourcesBuildPhase;
			buildActionMask = 2147483647;
			files = (
				8D11072B0486CEB800E47090 /* InfoPlist.strings in Resources */,
				1DDD58160DA1D0A300B32029 /* MainMenu.xib in Resources */,
				1767C8FF11E633CD00075E6B /* iphone_sn0w.png in Resources */,
				1767C9D011E6433900075E6B /* Bundles.plist in Resources */,
				1767CA0C11E64AFC00075E6B /* gray-apple-icon.png in Resources */,
				1767CA0D11E64AFC00075E6B /* Pneumonia.icns in Resources */,
			);
			runOnlyForDeploymentPostprocessing = 0;
		};
/* End PBXResourcesBuildPhase section */

/* Begin PBXSourcesBuildPhase section */
		8D11072C0486CEB800E47090 /* Sources */ = {
			isa = PBXSourcesBuildPhase;
			buildActionMask = 2147483647;
			files = (
				8D11072D0486CEB800E47090 /* main.m in Sources */,
				256AC3DA0F4B6AC300CF3369 /* PneumoniaAppDelegate.m in Sources */,
				1767CA0311E64AEC00075E6B /* ioapi.c in Sources */,
				1767CA0411E64AEC00075E6B /* mztools.c in Sources */,
				1767CA0511E64AEC00075E6B /* unzip.c in Sources */,
				1767CA0611E64AEC00075E6B /* zip.c in Sources */,
				1767CA0711E64AEC00075E6B /* ZipArchive.mm in Sources */,
				17D7CDDE11E67B2A00CBB60A /* Utilities.m in Sources */,
				1711F69211E6C32A000C6606 /* ibootutil.c in Sources */,
			);
			runOnlyForDeploymentPostprocessing = 0;
		};
/* End PBXSourcesBuildPhase section */

/* Begin PBXVariantGroup section */
		089C165CFE840E0CC02AAC07 /* InfoPlist.strings */ = {
			isa = PBXVariantGroup;
			children = (
				089C165DFE840E0CC02AAC07 /* English */,
			);
			name = InfoPlist.strings;
			sourceTree = "<group>";
		};
		1DDD58140DA1D0A300B32029 /* MainMenu.xib */ = {
			isa = PBXVariantGroup;
			children = (
				1DDD58150DA1D0A300B32029 /* English */,
			);
			name = MainMenu.xib;
			sourceTree = "<group>";
		};
/* End PBXVariantGroup section */

/* Begin XCBuildConfiguration section */
		C01FCF4B08A954540054247B /* Debug */ = {
			isa = XCBuildConfiguration;
			buildSettings = {
				ALWAYS_SEARCH_USER_PATHS = NO;
				COPY_PHASE_STRIP = NO;
				GCC_DYNAMIC_NO_PIC = NO;
				GCC_ENABLE_FIX_AND_CONTINUE = YES;
				GCC_MODEL_TUNING = G5;
				GCC_OPTIMIZATION_LEVEL = 0;
				GCC_PRECOMPILE_PREFIX_HEADER = YES;
				GCC_PREFIX_HEADER = Pneumonia_Prefix.pch;
				INFOPLIST_FILE = "Pneumonia-Info.plist";
				INSTALL_PATH = "$(HOME)/Applications";
				PRODUCT_NAME = Pneumonia;
			};
			name = Debug;
		};
		C01FCF4C08A954540054247B /* Release */ = {
			isa = XCBuildConfiguration;
			buildSettings = {
				ALWAYS_SEARCH_USER_PATHS = NO;
				DEBUG_INFORMATION_FORMAT = "dwarf-with-dsym";
				GCC_MODEL_TUNING = G5;
				GCC_PRECOMPILE_PREFIX_HEADER = YES;
				GCC_PREFIX_HEADER = Pneumonia_Prefix.pch;
				INFOPLIST_FILE = "Pneumonia-Info.plist";
				INSTALL_PATH = "$(HOME)/Applications";
				PRODUCT_NAME = Pneumonia;
			};
			name = Release;
		};
		C01FCF4F08A954540054247B /* Debug */ = {
			isa = XCBuildConfiguration;
			buildSettings = {
				ARCHS = "$(ARCHS_STANDARD_32_64_BIT)";
				GCC_C_LANGUAGE_STANDARD = gnu99;
				GCC_OPTIMIZATION_LEVEL = 0;
				GCC_WARN_ABOUT_RETURN_TYPE = YES;
				GCC_WARN_UNUSED_VARIABLE = YES;
				ONLY_ACTIVE_ARCH = YES;
				PREBINDING = NO;
				SDKROOT = macosx10.6;
			};
			name = Debug;
		};
		C01FCF5008A954540054247B /* Release */ = {
			isa = XCBuildConfiguration;
			buildSettings = {
				ARCHS = "$(ARCHS_STANDARD_32_64_BIT)";
				GCC_C_LANGUAGE_STANDARD = gnu99;
				GCC_WARN_ABOUT_RETURN_TYPE = YES;
				GCC_WARN_UNUSED_VARIABLE = YES;
				PREBINDING = NO;
				SDKROOT = macosx10.6;
			};
			name = Release;
		};
/* End XCBuildConfiguration section */

/* Begin XCConfigurationList section */
		C01FCF4A08A954540054247B /* Build configuration list for PBXNativeTarget "Pneumonia" */ = {
			isa = XCConfigurationList;
			buildConfigurations = (
				C01FCF4B08A954540054247B /* Debug */,
				C01FCF4C08A954540054247B /* Release */,
			);
			defaultConfigurationIsVisible = 0;
			defaultConfigurationName = Release;
		};
		C01FCF4E08A954540054247B /* Build configuration list for PBXProject "Pneumonia" */ = {
			isa = XCConfigurationList;
			buildConfigurations = (
				C01FCF4F08A954540054247B /* Debug */,
				C01FCF5008A954540054247B /* Release */,
			);
			defaultConfigurationIsVisible = 0;
			defaultConfigurationName = Release;
		};
/* End XCConfigurationList section */
	};
	rootObject = 29B97313FDCFA39411CA2CEA /* Project object */;
}
